
Microsoft Visual Studio Solution File, Format Version 12.00
# Visual Studio Version 17
VisualStudioVersion = 17.1.32421.90
MinimumVisualStudioVersion = 10.0.40219.1
Project("{FAE04EC0-301F-11D3-BF4B-00C04F79EFBC}") = "StoreExportReport", "StoreExportReport.csproj", "{4DBBDDDC-0AE3-4917-A6D8-E20C6819265D}"
EndProject
Global
	GlobalSection(SolutionConfigurationPlatforms) = preSolution
		Debug|Any CPU = Debug|Any CPU
		Release|Any CPU = Release|Any CPU
	EndGlobalSection
	GlobalSection(ProjectConfigurationPlatforms) = postSolution
		{4DBBDDDC-0AE3-4917-A6D8-E20C6819265D}.Debug|Any CPU.ActiveCfg = Debug|Any CPU
		{4DBBDDDC-0AE3-4917-A6D8-E20C6819265D}.Debug|Any CPU.Build.0 = Debug|Any CPU
		{4DBBDDDC-0AE3-4917-A6D8-E20C6819265D}.Release|Any CPU.ActiveCfg = Release|Any CPU
		{4DBBDDDC-0AE3-4917-A6D8-E20C6819265D}.Release|Any CPU.Build.0 = Release|Any CPU
	EndGlobalSection
	GlobalSection(SolutionProperties) = preSolution
		HideSolutionNode = FALSE
	EndGlobalSection
	GlobalSection(ExtensibilityGlobals) = postSolution
		SolutionGuid = {81E896FE-05E9-4160-8121-7BD2087974FB}
	EndGlobalSection
EndGlobal
